
Microsoft Visual Studio Solution File, Format Version 12.00
# Visual Studio 15
VisualStudioVersion = 15.0.26730.12
MinimumVisualStudioVersion = 10.0.40219.1
Project("{FAE04EC0-301F-11D3-BF4B-00C04F79EFBC}") = "Genius", "Genius\Genius.csproj", "{EB133A42-4F10-4A0E-9B99-4E18AA60BD23}"
EndProject
Global
	GlobalSection(SolutionConfigurationPlatforms) = preSolution
		Debug|Any CPU = Debug|Any CPU
		Release|Any CPU = Release|Any CPU
	EndGlobalSection
	GlobalSection(ProjectConfigurationPlatforms) = postSolution
		{EB133A42-4F10-4A0E-9B99-4E18AA60BD23}.Debug|Any CPU.ActiveCfg = Debug|Any CPU
		{EB133A42-4F10-4A0E-9B99-4E18AA60BD23}.Debug|Any CPU.Build.0 = Debug|Any CPU
		{EB133A42-4F10-4A0E-9B99-4E18AA60BD23}.Release|Any CPU.ActiveCfg = Release|Any CPU
		{EB133A42-4F10-4A0E-9B99-4E18AA60BD23}.Release|Any CPU.Build.0 = Release|Any CPU
	EndGlobalSection
	GlobalSection(SolutionProperties) = preSolution
		HideSolutionNode = FALSE
	EndGlobalSection
	GlobalSection(ExtensibilityGlobals) = postSolution
		SolutionGuid = {C81D4703-88AA-42CB-B40D-84EA7D5EB02A}
	EndGlobalSection
EndGlobal
